
Microsoft Visual Studio Solution File, Format Version 12.00
# Visual Studio Version 17
VisualStudioVersion = 17.3.32922.545
MinimumVisualStudioVersion = 10.0.40219.1
Project("{FAE04EC0-301F-11D3-BF4B-00C04F79EFBC}") = "TrainManagement.Web", "TrainManagement.Web\TrainManagement.Web.csproj", "{0F0562F4-1340-4D76-927F-DFA07F6F75DF}"
EndProject
Global
	GlobalSection(SolutionConfigurationPlatforms) = preSolution
		Debug|Any CPU = Debug|Any CPU
		Release|Any CPU = Release|Any CPU
	EndGlobalSection
	GlobalSection(ProjectConfigurationPlatforms) = postSolution
		{0F0562F4-1340-4D76-927F-DFA07F6F75DF}.Debug|Any CPU.ActiveCfg = Debug|Any CPU
		{0F0562F4-1340-4D76-927F-DFA07F6F75DF}.Debug|Any CPU.Build.0 = Debug|Any CPU
		{0F0562F4-1340-4D76-927F-DFA07F6F75DF}.Release|Any CPU.ActiveCfg = Release|Any CPU
		{0F0562F4-1340-4D76-927F-DFA07F6F75DF}.Release|Any CPU.Build.0 = Release|Any CPU
	EndGlobalSection
	GlobalSection(SolutionProperties) = preSolution
		HideSolutionNode = FALSE
	EndGlobalSection
	GlobalSection(ExtensibilityGlobals) = postSolution
		SolutionGuid = {AC18917E-F616-4628-8008-EBF171C334C1}
	EndGlobalSection
EndGlobal
